
Microsoft Visual Studio Solution File, Format Version 12.00
# Visual Studio Version 16
VisualStudioVersion = 16.0.30204.135
MinimumVisualStudioVersion = 10.0.40219.1
Project("{FAE04EC0-301F-11D3-BF4B-00C04F79EFBC}") = "EventJob", "EventJob.csproj", "{A91F0307-1378-46F5-A2B9-766E8DFFC511}"
EndProject
Global
	GlobalSection(SolutionConfigurationPlatforms) = preSolution
		Debug|Any CPU = Debug|Any CPU
		Release|Any CPU = Release|Any CPU
	EndGlobalSection
	GlobalSection(ProjectConfigurationPlatforms) = postSolution
		{A91F0307-1378-46F5-A2B9-766E8DFFC511}.Debug|Any CPU.ActiveCfg = Debug|Any CPU
		{A91F0307-1378-46F5-A2B9-766E8DFFC511}.Debug|Any CPU.Build.0 = Debug|Any CPU
		{A91F0307-1378-46F5-A2B9-766E8DFFC511}.Release|Any CPU.ActiveCfg = Release|Any CPU
		{A91F0307-1378-46F5-A2B9-766E8DFFC511}.Release|Any CPU.Build.0 = Release|Any CPU
	EndGlobalSection
	GlobalSection(SolutionProperties) = preSolution
		HideSolutionNode = FALSE
	EndGlobalSection
	GlobalSection(ExtensibilityGlobals) = postSolution
		SolutionGuid = {DB7A08B4-1965-4154-A16E-B4E3C4D94A20}
	EndGlobalSection
EndGlobal
